// !$*UTF8*$!
{
	archiveVersion = 1;
	classes = {
	};
	objectVersion = 46;
	objects = {

/* Begin PBXBuildFile section */
		0278BD8A1C160BEB007E36D7 /* tableViewController.swift in Sources */ = {isa = PBXBuildFile; fileRef = 0278BD891C160BEB007E36D7 /* tableViewController.swift */; };
		0278BD8C1C160F19007E36D7 /* collectionViewController.swift in Sources */ = {isa = PBXBuildFile; fileRef = 0278BD8B1C160F19007E36D7 /* collectionViewController.swift */; };
		0278BD8F1C161ACE007E36D7 /* CollectionViewCell.swift in Sources */ = {isa = PBXBuildFile; fileRef = 0278BD8D1C161ACE007E36D7 /* CollectionViewCell.swift */; };
		0278BD921C16233E007E36D7 /* ViewMeem.swift in Sources */ = {isa = PBXBuildFile; fileRef = 0278BD911C16233E007E36D7 /* ViewMeem.swift */; };
		02A089251C0D766900FF28F9 /* AppDelegate.swift in Sources */ = {isa = PBXBuildFile; fileRef = 02A089241C0D766900FF28F9 /* AppDelegate.swift */; };
		02A089271C0D766900FF28F9 /* ViewController.swift in Sources */ = {isa = PBXBuildFile; fileRef = 02A089261C0D766900FF28F9 /* ViewController.swift */; };
		02A0892A1C0D766900FF28F9 /* Main.storyboard in Resources */ = {isa = PBXBuildFile; fileRef = 02A089281C0D766900FF28F9 /* Main.storyboard */; };
		02A0892C1C0D766900FF28F9 /* Assets.xcassets in Resources */ = {isa = PBXBuildFile; fileRef = 02A0892B1C0D766900FF28F9 /* Assets.xcassets */; };
		02A0892F1C0D766900FF28F9 /* LaunchScreen.storyboard in Resources */ = {isa = PBXBuildFile; fileRef = 02A0892D1C0D766900FF28F9 /* LaunchScreen.storyboard */; };
		02A0893A1C0D766900FF28F9 /* MeemsTests.swift in Sources */ = {isa = PBXBuildFile; fileRef = 02A089391C0D766900FF28F9 /* MeemsTests.swift */; };
		02A089451C0D766900FF28F9 /* MeemsUITests.swift in Sources */ = {isa = PBXBuildFile; fileRef = 02A089441C0D766900FF28F9 /* MeemsUITests.swift */; };
		02A3E5661C0F4668001D70BB /* meemObjectClass.swift in Sources */ = {isa = PBXBuildFile; fileRef = 02A3E5651C0F4668001D70BB /* meemObjectClass.swift */; };
/* End PBXBuildFile section */

/* Begin PBXContainerItemProxy section */
		02A089361C0D766900FF28F9 /* PBXContainerItemProxy */ = {
			isa = PBXContainerItemProxy;
			containerPortal = 02A089191C0D766900FF28F9 /* Project object */;
			proxyType = 1;
			remoteGlobalIDString = 02A089201C0D766900FF28F9;
			remoteInfo = Meems;
		};
		02A089411C0D766900FF28F9 /* PBXContainerItemProxy */ = {
			isa = PBXContainerItemProxy;
			containerPortal = 02A089191C0D766900FF28F9 /* Project object */;
			proxyType = 1;
			remoteGlobalIDString = 02A089201C0D766900FF28F9;
			remoteInfo = Meems;
		};
/* End PBXContainerItemProxy section */

/* Begin PBXFileReference section */
		0278BD891C160BEB007E36D7 /* tableViewController.swift */ = {isa = PBXFileReference; fileEncoding = 4; lastKnownFileType = sourcecode.swift; path = tableViewController.swift; sourceTree = "<group>"; };
		0278BD8B1C160F19007E36D7 /* collectionViewController.swift */ = {isa = PBXFileReference; fileEncoding = 4; lastKnownFileType = sourcecode.swift; path = collectionViewController.swift; sourceTree = "<group>"; };
		0278BD8D1C161ACE007E36D7 /* CollectionViewCell.swift */ = {isa = PBXFileReference; fileEncoding = 4; lastKnownFileType = sourcecode.swift; path = CollectionViewCell.swift; sourceTree = "<group>"; };
		0278BD911C16233E007E36D7 /* ViewMeem.swift */ = {isa = PBXFileReference; fileEncoding = 4; lastKnownFileType = sourcecode.swift; path = ViewMeem.swift; sourceTree = "<group>"; };
		02A089211C0D766900FF28F9 /* Meems.app */ = {isa = PBXFileReference; explicitFileType = wrapper.application; includeInIndex = 0; path = Meems.app; sourceTree = BUILT_PRODUCTS_DIR; };
		02A089241C0D766900FF28F9 /* AppDelegate.swift */ = {isa = PBXFileReference; lastKnownFileType = sourcecode.swift; path = AppDelegate.swift; sourceTree = "<group>"; };
		02A089261C0D766900FF28F9 /* ViewController.swift */ = {isa = PBXFileReference; lastKnownFileType = sourcecode.swift; path = ViewController.swift; sourceTree = "<group>"; };
		02A089291C0D766900FF28F9 /* Base */ = {isa = PBXFileReference; lastKnownFileType = file.storyboard; name = Base; path = Base.lproj/Main.storyboard; sourceTree = "<group>"; };
		02A0892B1C0D766900FF28F9 /* Assets.xcassets */ = {isa = PBXFileReference; lastKnownFileType = folder.assetcatalog; path = Assets.xcassets; sourceTree = "<group>"; };
		02A0892E1C0D766900FF28F9 /* Base */ = {isa = PBXFileReference; lastKnownFileType = file.storyboard; name = Base; path = Base.lproj/LaunchScreen.storyboard; sourceTree = "<group>"; };
		02A089301C0D766900FF28F9 /* Info.plist */ = {isa = PBXFileReference; lastKnownFileType = text.plist.xml; path = Info.plist; sourceTree = "<group>"; };
		02A089351C0D766900FF28F9 /* MeemsTests.xctest */ = {isa = PBXFileReference; explicitFileType = wrapper.cfbundle; includeInIndex = 0; path = MeemsTests.xctest; sourceTree = BUILT_PRODUCTS_DIR; };
		02A089391C0D766900FF28F9 /* MeemsTests.swift */ = {isa = PBXFileReference; lastKnownFileType = sourcecode.swift; path = MeemsTests.swift; sourceTree = "<group>"; };
		02A0893B1C0D766900FF28F9 /* Info.plist */ = {isa = PBXFileReference; lastKnownFileType = text.plist.xml; path = Info.plist; sourceTree = "<group>"; };
		02A089401C0D766900FF28F9 /* MeemsUITests.xctest */ = {isa = PBXFileReference; explicitFileType = wrapper.cfbundle; includeInIndex = 0; path = MeemsUITests.xctest; sourceTree = BUILT_PRODUCTS_DIR; };
		02A089441C0D766900FF28F9 /* MeemsUITests.swift */ = {isa = PBXFileReference; lastKnownFileType = sourcecode.swift; path = MeemsUITests.swift; sourceTree = "<group>"; };
		02A089461C0D766900FF28F9 /* Info.plist */ = {isa = PBXFileReference; lastKnownFileType = text.plist.xml; path = Info.plist; sourceTree = "<group>"; };
		02A3E5651C0F4668001D70BB /* meemObjectClass.swift */ = {isa = PBXFileReference; fileEncoding = 4; lastKnownFileType = sourcecode.swift; path = meemObjectClass.swift; sourceTree = "<group>"; };
/* End PBXFileReference section */

/* Begin PBXFrameworksBuildPhase section */
		02A0891E1C0D766900FF28F9 /* Frameworks */ = {
			isa = PBXFrameworksBuildPhase;
			buildActionMask = 2147483647;
			files = (
			);
			runOnlyForDeploymentPostprocessing = 0;
		};
		02A089321C0D766900FF28F9 /* Frameworks */ = {
			isa = PBXFrameworksBuildPhase;
			buildActionMask = 2147483647;
			files = (
			);
			runOnlyForDeploymentPostprocessing = 0;
		};
		02A0893D1C0D766900FF28F9 /* Frameworks */ = {
			isa = PBXFrameworksBuildPhase;
			buildActionMask = 2147483647;
			files = (
			);
			runOnlyForDeploymentPostprocessing = 0;
		};
/* End PBXFrameworksBuildPhase section */

/* Begin PBXGroup section */
		02A089181C0D766800FF28F9 = {
			isa = PBXGroup;
			children = (
				02A089231C0D766900FF28F9 /* Meems */,
				02A089381C0D766900FF28F9 /* MeemsTests */,
				02A089431C0D766900FF28F9 /* MeemsUITests */,
				02A089221C0D766900FF28F9 /* Products */,
			);
			sourceTree = "<group>";
		};
		02A089221C0D766900FF28F9 /* Products */ = {
			isa = PBXGroup;
			children = (
				02A089211C0D766900FF28F9 /* Meems.app */,
				02A089351C0D766900FF28F9 /* MeemsTests.xctest */,
				02A089401C0D766900FF28F9 /* MeemsUITests.xctest */,
			);
			name = Products;
			sourceTree = "<group>";
		};
		02A089231C0D766900FF28F9 /* Meems */ = {
			isa = PBXGroup;
			children = (
				02A089241C0D766900FF28F9 /* AppDelegate.swift */,
				02A089261C0D766900FF28F9 /* ViewController.swift */,
				02A089281C0D766900FF28F9 /* Main.storyboard */,
				02A3E5651C0F4668001D70BB /* meemObjectClass.swift */,
				02A0892B1C0D766900FF28F9 /* Assets.xcassets */,
				02A0892D1C0D766900FF28F9 /* LaunchScreen.storyboard */,
				02A089301C0D766900FF28F9 /* Info.plist */,
				0278BD891C160BEB007E36D7 /* tableViewController.swift */,
				0278BD8B1C160F19007E36D7 /* collectionViewController.swift */,
				0278BD8D1C161ACE007E36D7 /* CollectionViewCell.swift */,
				0278BD911C16233E007E36D7 /* ViewMeem.swift */,
			);
			path = Meems;
			sourceTree = "<group>";
		};
		02A089381C0D766900FF28F9 /* MeemsTests */ = {
			isa = PBXGroup;
			children = (
				02A089391C0D766900FF28F9 /* MeemsTests.swift */,
				02A0893B1C0D766900FF28F9 /* Info.plist */,
			);
			path = MeemsTests;
			sourceTree = "<group>";
		};
		02A089431C0D766900FF28F9 /* MeemsUITests */ = {
			isa = PBXGroup;
			children = (
				02A089441C0D766900FF28F9 /* MeemsUITests.swift */,
				02A089461C0D766900FF28F9 /* Info.plist */,
			);
			path = MeemsUITests;
			sourceTree = "<group>";
		};
/* End PBXGroup section */

/* Begin PBXNativeTarget section */
		02A089201C0D766900FF28F9 /* Meems */ = {
			isa = PBXNativeTarget;
			buildConfigurationList = 02A089491C0D766900FF28F9 /* Build configuration list for PBXNativeTarget "Meems" */;
			buildPhases = (
				02A0891D1C0D766900FF28F9 /* Sources */,
				02A0891E1C0D766900FF28F9 /* Frameworks */,
				02A0891F1C0D766900FF28F9 /* Resources */,
			);
			buildRules = (
			);
			dependencies = (
			);
			name = Meems;
			productName = Meems;
			productReference = 02A089211C0D766900FF28F9 /* Meems.app */;
			productType = "com.apple.product-type.application";
		};
		02A089341C0D766900FF28F9 /* MeemsTests */ = {
			isa = PBXNativeTarget;
			buildConfigurationList = 02A0894C1C0D766900FF28F9 /* Build configuration list for PBXNativeTarget "MeemsTests" */;
			buildPhases = (
				02A089311C0D766900FF28F9 /* Sources */,
				02A089321C0D766900FF28F9 /* Frameworks */,
				02A089331C0D766900FF28F9 /* Resources */,
			);
			buildRules = (
			);
			dependencies = (
				02A089371C0D766900FF28F9 /* PBXTargetDependency */,
			);
			name = MeemsTests;
			productName = MeemsTests;
			productReference = 02A089351C0D766900FF28F9 /* MeemsTests.xctest */;
			productType = "com.apple.product-type.bundle.unit-test";
		};
		02A0893F1C0D766900FF28F9 /* MeemsUITests */ = {
			isa = PBXNativeTarget;
			buildConfigurationList = 02A0894F1C0D766900FF28F9 /* Build configuration list for PBXNativeTarget "MeemsUITests" */;
			buildPhases = (
				02A0893C1C0D766900FF28F9 /* Sources */,
				02A0893D1C0D766900FF28F9 /* Frameworks */,
				02A0893E1C0D766900FF28F9 /* Resources */,
			);
			buildRules = (
			);
			dependencies = (
				02A089421C0D766900FF28F9 /* PBXTargetDependency */,
			);
			name = MeemsUITests;
			productName = MeemsUITests;
			productReference = 02A089401C0D766900FF28F9 /* MeemsUITests.xctest */;
			productType = "com.apple.product-type.bundle.ui-testing";
		};
/* End PBXNativeTarget section */

/* Begin PBXProject section */
		02A089191C0D766900FF28F9 /* Project object */ = {
			isa = PBXProject;
			attributes = {
				LastSwiftUpdateCheck = 0710;
				LastUpgradeCheck = 0710;
				ORGANIZATIONNAME = kodeguide;
				TargetAttributes = {
					02A089201C0D766900FF28F9 = {
						CreatedOnToolsVersion = 7.1;
						DevelopmentTeam = R6BV4J7KB9;
					};
					02A089341C0D766900FF28F9 = {
						CreatedOnToolsVersion = 7.1;
						TestTargetID = 02A089201C0D766900FF28F9;
					};
					02A0893F1C0D766900FF28F9 = {
						CreatedOnToolsVersion = 7.1;
						TestTargetID = 02A089201C0D766900FF28F9;
					};
				};
			};
			buildConfigurationList = 02A0891C1C0D766900FF28F9 /* Build configuration list for PBXProject "Meems" */;
			compatibilityVersion = "Xcode 3.2";
			developmentRegion = English;
			hasScannedForEncodings = 0;
			knownRegions = (
				en,
				Base,
			);
			mainGroup = 02A089181C0D766800FF28F9;
			productRefGroup = 02A089221C0D766900FF28F9 /* Products */;
			projectDirPath = "";
			projectRoot = "";
			targets = (
				02A089201C0D766900FF28F9 /* Meems */,
				02A089341C0D766900FF28F9 /* MeemsTests */,
				02A0893F1C0D766900FF28F9 /* MeemsUITests */,
			);
		};
/* End PBXProject section */

/* Begin PBXResourcesBuildPhase section */
		02A0891F1C0D766900FF28F9 /* Resources */ = {
			isa = PBXResourcesBuildPhase;
			buildActionMask = 2147483647;
			files = (
				02A0892F1C0D766900FF28F9 /* LaunchScreen.storyboard in Resources */,
				02A0892C1C0D766900FF28F9 /* Assets.xcassets in Resources */,
				02A0892A1C0D766900FF28F9 /* Main.storyboard in Resources */,
			);
			runOnlyForDeploymentPostprocessing = 0;
		};
		02A089331C0D766900FF28F9 /* Resources */ = {
			isa = PBXResourcesBuildPhase;
			buildActionMask = 2147483647;
			files = (
			);
			runOnlyForDeploymentPostprocessing = 0;
		};
		02A0893E1C0D766900FF28F9 /* Resources */ = {
			isa = PBXResourcesBuildPhase;
			buildActionMask = 2147483647;
			files = (
			);
			runOnlyForDeploymentPostprocessing = 0;
		};
/* End PBXResourcesBuildPhase section */

/* Begin PBXSourcesBuildPhase section */
		02A0891D1C0D766900FF28F9 /* Sources */ = {
			isa = PBXSourcesBuildPhase;
			buildActionMask = 2147483647;
			files = (
				02A3E5661C0F4668001D70BB /* meemObjectClass.swift in Sources */,
				0278BD921C16233E007E36D7 /* ViewMeem.swift in Sources */,
				0278BD8C1C160F19007E36D7 /* collectionViewController.swift in Sources */,
				0278BD8F1C161ACE007E36D7 /* CollectionViewCell.swift in Sources */,
				02A089271C0D766900FF28F9 /* ViewController.swift in Sources */,
				02A089251C0D766900FF28F9 /* AppDelegate.swift in Sources */,
				0278BD8A1C160BEB007E36D7 /* tableViewController.swift in Sources */,
			);
			runOnlyForDeploymentPostprocessing = 0;
		};
		02A089311C0D766900FF28F9 /* Sources */ = {
			isa = PBXSourcesBuildPhase;
			buildActionMask = 2147483647;
			files = (
				02A0893A1C0D766900FF28F9 /* MeemsTests.swift in Sources */,
			);
			runOnlyForDeploymentPostprocessing = 0;
		};
		02A0893C1C0D766900FF28F9 /* Sources */ = {
			isa = PBXSourcesBuildPhase;
			buildActionMask = 2147483647;
			files = (
				02A089451C0D766900FF28F9 /* MeemsUITests.swift in Sources */,
			);
			runOnlyForDeploymentPostprocessing = 0;
		};
/* End PBXSourcesBuildPhase section */

/* Begin PBXTargetDependency section */
		02A089371C0D766900FF28F9 /* PBXTargetDependency */ = {
			isa = PBXTargetDependency;
			target = 02A089201C0D766900FF28F9 /* Meems */;
			targetProxy = 02A089361C0D766900FF28F9 /* PBXContainerItemProxy */;
		};
		02A089421C0D766900FF28F9 /* PBXTargetDependency */ = {
			isa = PBXTargetDependency;
			target = 02A089201C0D766900FF28F9 /* Meems */;
			targetProxy = 02A089411C0D766900FF28F9 /* PBXContainerItemProxy */;
		};
/* End PBXTargetDependency section */

/* Begin PBXVariantGroup section */
		02A089281C0D766900FF28F9 /* Main.storyboard */ = {
			isa = PBXVariantGroup;
			children = (
				02A089291C0D766900FF28F9 /* Base */,
			);
			name = Main.storyboard;
			sourceTree = "<group>";
		};
		02A0892D1C0D766900FF28F9 /* LaunchScreen.storyboard */ = {
			isa = PBXVariantGroup;
			children = (
				02A0892E1C0D766900FF28F9 /* Base */,
			);
			name = LaunchScreen.storyboard;
			sourceTree = "<group>";
		};
/* End PBXVariantGroup section */

/* Begin XCBuildConfiguration section */
		02A089471C0D766900FF28F9 /* Debug */ = {
			isa = XCBuildConfiguration;
			buildSettings = {
				ALWAYS_SEARCH_USER_PATHS = NO;
				CLANG_CXX_LANGUAGE_STANDARD = "gnu++0x";
				CLANG_CXX_LIBRARY = "libc++";
				CLANG_ENABLE_MODULES = YES;
				CLANG_ENABLE_OBJC_ARC = YES;
				CLANG_WARN_BOOL_CONVERSION = YES;
				CLANG_WARN_CONSTANT_CONVERSION = YES;
				CLANG_WARN_DIRECT_OBJC_ISA_USAGE = YES_ERROR;
				CLANG_WARN_EMPTY_BODY = YES;
				CLANG_WARN_ENUM_CONVERSION = YES;
				CLANG_WARN_INT_CONVERSION = YES;
				CLANG_WARN_OBJC_ROOT_CLASS = YES_ERROR;
				CLANG_WARN_UNREACHABLE_CODE = YES;
				CLANG_WARN__DUPLICATE_METHOD_MATCH = YES;
				"CODE_SIGN_IDENTITY[sdk=iphoneos*]" = "iPhone Developer";
				COPY_PHASE_STRIP = NO;
				DEBUG_INFORMATION_FORMAT = dwarf;
				ENABLE_STRICT_OBJC_MSGSEND = YES;
				ENABLE_TESTABILITY = YES;
				GCC_C_LANGUAGE_STANDARD = gnu99;
				GCC_DYNAMIC_NO_PIC = NO;
				GCC_NO_COMMON_BLOCKS = YES;
				GCC_OPTIMIZATION_LEVEL = 0;
				GCC_PREPROCESSOR_DEFINITIONS = (
					"DEBUG=1",
					"$(inherited)",
				);
				GCC_WARN_64_TO_32_BIT_CONVERSION = YES;
				GCC_WARN_ABOUT_RETURN_TYPE = YES_ERROR;
				GCC_WARN_UNDECLARED_SELECTOR = YES;
				GCC_WARN_UNINITIALIZED_AUTOS = YES_AGGRESSIVE;
				GCC_WARN_UNUSED_FUNCTION = YES;
				GCC_WARN_UNUSED_VARIABLE = YES;
				IPHONEOS_DEPLOYMENT_TARGET = 9.1;
				MTL_ENABLE_DEBUG_INFO = YES;
				ONLY_ACTIVE_ARCH = YES;
				SDKROOT = iphoneos;
				SWIFT_OPTIMIZATION_LEVEL = "-Onone";
			};
			name = Debug;
		};
		02A089481C0D766900FF28F9 /* Release */ = {
			isa = XCBuildConfiguration;
			buildSettings = {
				ALWAYS_SEARCH_USER_PATHS = NO;
				CLANG_CXX_LANGUAGE_STANDARD = "gnu++0x";
				CLANG_CXX_LIBRARY = "libc++";
				CLANG_ENABLE_MODULES = YES;
				CLANG_ENABLE_OBJC_ARC = YES;
				CLANG_WARN_BOOL_CONVERSION = YES;
				CLANG_WARN_CONSTANT_CONVERSION = YES;
				CLANG_WARN_DIRECT_OBJC_ISA_USAGE = YES_ERROR;
				CLANG_WARN_EMPTY_BODY = YES;
				CLANG_WARN_ENUM_CONVERSION = YES;
				CLANG_WARN_INT_CONVERSION = YES;
				CLANG_WARN_OBJC_ROOT_CLASS = YES_ERROR;
				CLANG_WARN_UNREACHABLE_CODE = YES;
				CLANG_WARN__DUPLICATE_METHOD_MATCH = YES;
				"CODE_SIGN_IDENTITY[sdk=iphoneos*]" = "iPhone Developer";
				COPY_PHASE_STRIP = NO;
				DEBUG_INFORMATION_FORMAT = "dwarf-with-dsym";
				ENABLE_NS_ASSERTIONS = NO;
				ENABLE_STRICT_OBJC_MSGSEND = YES;
				GCC_C_LANGUAGE_STANDARD = gnu99;
				GCC_NO_COMMON_BLOCKS = YES;
				GCC_WARN_64_TO_32_BIT_CONVERSION = YES;
				GCC_WARN_ABOUT_RETURN_TYPE = YES_ERROR;
				GCC_WARN_UNDECLARED_SELECTOR = YES;
				GCC_WARN_UNINITIALIZED_AUTOS = YES_AGGRESSIVE;
				GCC_WARN_UNUSED_FUNCTION = YES;
				GCC_WARN_UNUSED_VARIABLE = YES;
				IPHONEOS_DEPLOYMENT_TARGET = 9.1;
				MTL_ENABLE_DEBUG_INFO = NO;
				SDKROOT = iphoneos;
				VALIDATE_PRODUCT = YES;
			};
			name = Release;
		};
		02A0894A1C0D766900FF28F9 /* Debug */ = {
			isa = XCBuildConfiguration;
			buildSettings = {
				ASSETCATALOG_COMPILER_APPICON_NAME = AppIcon;
				CODE_SIGN_IDENTITY = "iPhone Developer: Raxit Cholera (RYEXWKP36E)";
				INFOPLIST_FILE = Meems/Info.plist;
				IPHONEOS_DEPLOYMENT_TARGET = 8.0;
				LD_RUNPATH_SEARCH_PATHS = "$(inherited) @executable_path/Frameworks";
				PRODUCT_BUNDLE_IDENTIFIER = com.kodeguide.Meems;
				PRODUCT_NAME = "$(TARGET_NAME)";
				PROVISIONING_PROFILE = "";
			};
			name = Debug;
		};
		02A0894B1C0D766900FF28F9 /* Release */ = {
			isa = XCBuildConfiguration;
			buildSettings = {
				ASSETCATALOG_COMPILER_APPICON_NAME = AppIcon;
				CODE_SIGN_IDENTITY = "iPhone Developer: Raxit Cholera (RYEXWKP36E)";
				INFOPLIST_FILE = Meems/Info.plist;
				IPHONEOS_DEPLOYMENT_TARGET = 8.0;
				LD_RUNPATH_SEARCH_PATHS = "$(inherited) @executable_path/Frameworks";
				PRODUCT_BUNDLE_IDENTIFIER = com.kodeguide.Meems;
				PRODUCT_NAME = "$(TARGET_NAME)";
				PROVISIONING_PROFILE = "";
			};
			name = Release;
		};
		02A0894D1C0D766900FF28F9 /* Debug */ = {
			isa = XCBuildConfiguration;
			buildSettings = {
				BUNDLE_LOADER = "$(TEST_HOST)";
				INFOPLIST_FILE = MeemsTests/Info.plist;
				LD_RUNPATH_SEARCH_PATHS = "$(inherited) @executable_path/Frameworks @loader_path/Frameworks";
				PRODUCT_BUNDLE_IDENTIFIER = com.kodeguide.MeemsTests;
				PRODUCT_NAME = "$(TARGET_NAME)";
				TEST_HOST = "$(BUILT_PRODUCTS_DIR)/Meems.app/Meems";
			};
			name = Debug;
		};
		02A0894E1C0D766900FF28F9 /* Release */ = {
			isa = XCBuildConfiguration;
			buildSettings = {
				BUNDLE_LOADER = "$(TEST_HOST)";
				INFOPLIST_FILE = MeemsTests/Info.plist;
				LD_RUNPATH_SEARCH_PATHS = "$(inherited) @executable_path/Frameworks @loader_path/Frameworks";
				PRODUCT_BUNDLE_IDENTIFIER = com.kodeguide.MeemsTests;
				PRODUCT_NAME = "$(TARGET_NAME)";
				TEST_HOST = "$(BUILT_PRODUCTS_DIR)/Meems.app/Meems";
			};
			name = Release;
		};
		02A089501C0D766900FF28F9 /* Debug */ = {
			isa = XCBuildConfiguration;
			buildSettings = {
				INFOPLIST_FILE = MeemsUITests/Info.plist;
				LD_RUNPATH_SEARCH_PATHS = "$(inherited) @executable_path/Frameworks @loader_path/Frameworks";
				PRODUCT_BUNDLE_IDENTIFIER = com.kodeguide.MeemsUITests;
				PRODUCT_NAME = "$(TARGET_NAME)";
				TEST_TARGET_NAME = Meems;
				USES_XCTRUNNER = YES;
			};
			name = Debug;
		};
		02A089511C0D766900FF28F9 /* Release */ = {
			isa = XCBuildConfiguration;
			buildSettings = {
				INFOPLIST_FILE = MeemsUITests/Info.plist;
				LD_RUNPATH_SEARCH_PATHS = "$(inherited) @executable_path/Frameworks @loader_path/Frameworks";
				PRODUCT_BUNDLE_IDENTIFIER = com.kodeguide.MeemsUITests;
				PRODUCT_NAME = "$(TARGET_NAME)";
				TEST_TARGET_NAME = Meems;
				USES_XCTRUNNER = YES;
			};
			name = Release;
		};
/* End XCBuildConfiguration section */

/* Begin XCConfigurationList section */
		02A0891C1C0D766900FF28F9 /* Build configuration list for PBXProject "Meems" */ = {
			isa = XCConfigurationList;
			buildConfigurations = (
				02A089471C0D766900FF28F9 /* Debug */,
				02A089481C0D766900FF28F9 /* Release */,
			);
			defaultConfigurationIsVisible = 0;
			defaultConfigurationName = Release;
		};
		02A089491C0D766900FF28F9 /* Build configuration list for PBXNativeTarget "Meems" */ = {
			isa = XCConfigurationList;
			buildConfigurations = (
				02A0894A1C0D766900FF28F9 /* Debug */,
				02A0894B1C0D766900FF28F9 /* Release */,
			);
			defaultConfigurationIsVisible = 0;
			defaultConfigurationName = Release;
		};
		02A0894C1C0D766900FF28F9 /* Build configuration list for PBXNativeTarget "MeemsTests" */ = {
			isa = XCConfigurationList;
			buildConfigurations = (
				02A0894D1C0D766900FF28F9 /* Debug */,
				02A0894E1C0D766900FF28F9 /* Release */,
			);
			defaultConfigurationIsVisible = 0;
			defaultConfigurationName = Release;
		};
		02A0894F1C0D766900FF28F9 /* Build configuration list for PBXNativeTarget "MeemsUITests" */ = {
			isa = XCConfigurationList;
			buildConfigurations = (
				02A089501C0D766900FF28F9 /* Debug */,
				02A089511C0D766900FF28F9 /* Release */,
			);
			defaultConfigurationIsVisible = 0;
			defaultConfigurationName = Release;
		};
/* End XCConfigurationList section */
	};
	rootObject = 02A089191C0D766900FF28F9 /* Project object */;
}
